
Microsoft Visual Studio Solution File, Format Version 12.00
# Visual Studio Version 17
VisualStudioVersion = 17.3.32819.101
MinimumVisualStudioVersion = 10.0.40219.1
Project("{FAE04EC0-301F-11D3-BF4B-00C04F79EFBC}") = "AgendaBack", "AgendaBack\AgendaBack.csproj", "{58B4104F-2EAF-4EA9-9479-6546F23310B6}"
EndProject
Global
	GlobalSection(SolutionConfigurationPlatforms) = preSolution
		Debug|Any CPU = Debug|Any CPU
		Release|Any CPU = Release|Any CPU
	EndGlobalSection
	GlobalSection(ProjectConfigurationPlatforms) = postSolution
		{58B4104F-2EAF-4EA9-9479-6546F23310B6}.Debug|Any CPU.ActiveCfg = Debug|Any CPU
		{58B4104F-2EAF-4EA9-9479-6546F23310B6}.Debug|Any CPU.Build.0 = Debug|Any CPU
		{58B4104F-2EAF-4EA9-9479-6546F23310B6}.Release|Any CPU.ActiveCfg = Release|Any CPU
		{58B4104F-2EAF-4EA9-9479-6546F23310B6}.Release|Any CPU.Build.0 = Release|Any CPU
	EndGlobalSection
	GlobalSection(SolutionProperties) = preSolution
		HideSolutionNode = FALSE
	EndGlobalSection
	GlobalSection(ExtensibilityGlobals) = postSolution
		SolutionGuid = {027A8C03-EC7C-44D1-AFC0-80E52A15DE37}
	EndGlobalSection
EndGlobal
